{
    "name": "n8n-nodes-folk",
    "version": "0.1.10",
    "lockfileVersion": 3,
    "requires": true,
    "packages": {
        "": {
            "name": "n8n-nodes-folk",
            "version": "0.1.10",
            "license": "MIT",
            "devDependencies": {
                "@n8n/node-cli": "*",
                "eslint": "9.32.0",
                "prettier": "3.6.2",
                "release-it": "^19.0.4",
                "typescript": "5.9.2"
            },
            "peerDependencies": {
                "n8n-workflow": "*"
            }
        }
    }
}
